
Microsoft Visual Studio Solution File, Format Version 12.00
# Visual Studio 15
VisualStudioVersion = 15.0.28307.136
MinimumVisualStudioVersion = 10.0.40219.1
Project("{FAE04EC0-301F-11D3-BF4B-00C04F79EFBC}") = "38", "38\38.csproj", "{8CC0CE8F-3935-4742-8E16-FD793D92EABB}"
EndProject
Global
	GlobalSection(SolutionConfigurationPlatforms) = preSolution
		Debug|Any CPU = Debug|Any CPU
		Release|Any CPU = Release|Any CPU
	EndGlobalSection
	GlobalSection(ProjectConfigurationPlatforms) = postSolution
		{8CC0CE8F-3935-4742-8E16-FD793D92EABB}.Debug|Any CPU.ActiveCfg = Debug|Any CPU
		{8CC0CE8F-3935-4742-8E16-FD793D92EABB}.Debug|Any CPU.Build.0 = Debug|Any CPU
		{8CC0CE8F-3935-4742-8E16-FD793D92EABB}.Release|Any CPU.ActiveCfg = Release|Any CPU
		{8CC0CE8F-3935-4742-8E16-FD793D92EABB}.Release|Any CPU.Build.0 = Release|Any CPU
	EndGlobalSection
	GlobalSection(SolutionProperties) = preSolution
		HideSolutionNode = FALSE
	EndGlobalSection
	GlobalSection(ExtensibilityGlobals) = postSolution
		SolutionGuid = {724229F8-4DFD-4780-82BB-0BCD1133C8B7}
	EndGlobalSection
EndGlobal
