
Microsoft Visual Studio Solution File, Format Version 12.00
# Visual Studio 15
VisualStudioVersion = 15.0.28307.136
MinimumVisualStudioVersion = 10.0.40219.1
Project("{FAE04EC0-301F-11D3-BF4B-00C04F79EFBC}") = "17", "17\17.csproj", "{D4323031-3D71-4EE9-A8D2-9650D5FB1EA0}"
EndProject
Global
	GlobalSection(SolutionConfigurationPlatforms) = preSolution
		Debug|Any CPU = Debug|Any CPU
		Release|Any CPU = Release|Any CPU
	EndGlobalSection
	GlobalSection(ProjectConfigurationPlatforms) = postSolution
		{D4323031-3D71-4EE9-A8D2-9650D5FB1EA0}.Debug|Any CPU.ActiveCfg = Debug|Any CPU
		{D4323031-3D71-4EE9-A8D2-9650D5FB1EA0}.Debug|Any CPU.Build.0 = Debug|Any CPU
		{D4323031-3D71-4EE9-A8D2-9650D5FB1EA0}.Release|Any CPU.ActiveCfg = Release|Any CPU
		{D4323031-3D71-4EE9-A8D2-9650D5FB1EA0}.Release|Any CPU.Build.0 = Release|Any CPU
	EndGlobalSection
	GlobalSection(SolutionProperties) = preSolution
		HideSolutionNode = FALSE
	EndGlobalSection
	GlobalSection(ExtensibilityGlobals) = postSolution
		SolutionGuid = {72649EA2-0677-4696-9848-04996447C6F0}
	EndGlobalSection
EndGlobal
