
Microsoft Visual Studio Solution File, Format Version 12.00
# Visual Studio 15
VisualStudioVersion = 15.0.28307.136
MinimumVisualStudioVersion = 10.0.40219.1
Project("{FAE04EC0-301F-11D3-BF4B-00C04F79EFBC}") = "16", "16\16.csproj", "{5221EFA6-AFBD-4D40-B662-A5A01132061E}"
EndProject
Global
	GlobalSection(SolutionConfigurationPlatforms) = preSolution
		Debug|Any CPU = Debug|Any CPU
		Release|Any CPU = Release|Any CPU
	EndGlobalSection
	GlobalSection(ProjectConfigurationPlatforms) = postSolution
		{5221EFA6-AFBD-4D40-B662-A5A01132061E}.Debug|Any CPU.ActiveCfg = Debug|Any CPU
		{5221EFA6-AFBD-4D40-B662-A5A01132061E}.Debug|Any CPU.Build.0 = Debug|Any CPU
		{5221EFA6-AFBD-4D40-B662-A5A01132061E}.Release|Any CPU.ActiveCfg = Release|Any CPU
		{5221EFA6-AFBD-4D40-B662-A5A01132061E}.Release|Any CPU.Build.0 = Release|Any CPU
	EndGlobalSection
	GlobalSection(SolutionProperties) = preSolution
		HideSolutionNode = FALSE
	EndGlobalSection
	GlobalSection(ExtensibilityGlobals) = postSolution
		SolutionGuid = {0FBA670F-8E52-4087-A682-16BF6759C2DA}
	EndGlobalSection
EndGlobal
