
Microsoft Visual Studio Solution File, Format Version 12.00
# Visual Studio 15
VisualStudioVersion = 15.0.28307.136
MinimumVisualStudioVersion = 10.0.40219.1
Project("{FAE04EC0-301F-11D3-BF4B-00C04F79EFBC}") = "15", "15\15.csproj", "{B4B3CEE8-4550-4A85-BA15-D53130058E1E}"
EndProject
Global
	GlobalSection(SolutionConfigurationPlatforms) = preSolution
		Debug|Any CPU = Debug|Any CPU
		Release|Any CPU = Release|Any CPU
	EndGlobalSection
	GlobalSection(ProjectConfigurationPlatforms) = postSolution
		{B4B3CEE8-4550-4A85-BA15-D53130058E1E}.Debug|Any CPU.ActiveCfg = Debug|Any CPU
		{B4B3CEE8-4550-4A85-BA15-D53130058E1E}.Debug|Any CPU.Build.0 = Debug|Any CPU
		{B4B3CEE8-4550-4A85-BA15-D53130058E1E}.Release|Any CPU.ActiveCfg = Release|Any CPU
		{B4B3CEE8-4550-4A85-BA15-D53130058E1E}.Release|Any CPU.Build.0 = Release|Any CPU
	EndGlobalSection
	GlobalSection(SolutionProperties) = preSolution
		HideSolutionNode = FALSE
	EndGlobalSection
	GlobalSection(ExtensibilityGlobals) = postSolution
		SolutionGuid = {078925E0-2729-4FAE-A493-BB2F6C10D7CB}
	EndGlobalSection
EndGlobal
