
Microsoft Visual Studio Solution File, Format Version 12.00
# Visual Studio 15
VisualStudioVersion = 15.0.28307.136
MinimumVisualStudioVersion = 10.0.40219.1
Project("{FAE04EC0-301F-11D3-BF4B-00C04F79EFBC}") = "2", "2\2.csproj", "{7F52F535-8D1D-4642-B428-718FEF68E106}"
EndProject
Global
	GlobalSection(SolutionConfigurationPlatforms) = preSolution
		Debug|Any CPU = Debug|Any CPU
		Release|Any CPU = Release|Any CPU
	EndGlobalSection
	GlobalSection(ProjectConfigurationPlatforms) = postSolution
		{7F52F535-8D1D-4642-B428-718FEF68E106}.Debug|Any CPU.ActiveCfg = Debug|Any CPU
		{7F52F535-8D1D-4642-B428-718FEF68E106}.Debug|Any CPU.Build.0 = Debug|Any CPU
		{7F52F535-8D1D-4642-B428-718FEF68E106}.Release|Any CPU.ActiveCfg = Release|Any CPU
		{7F52F535-8D1D-4642-B428-718FEF68E106}.Release|Any CPU.Build.0 = Release|Any CPU
	EndGlobalSection
	GlobalSection(SolutionProperties) = preSolution
		HideSolutionNode = FALSE
	EndGlobalSection
	GlobalSection(ExtensibilityGlobals) = postSolution
		SolutionGuid = {FEB3ABB7-B419-4A96-A9FE-91C17CE4204E}
	EndGlobalSection
EndGlobal
